
Microsoft Visual Studio Solution File, Format Version 12.00
# Visual Studio 15
Project("{FAE04EC0-301F-11D3-BF4B-00C04F79EFBC}") = "Assembly-CSharp", "Assembly-CSharp.csproj", "{B6DFFD17-4B09-7E25-13FA-CA460279DAE2}"
EndProject
Project("{FAE04EC0-301F-11D3-BF4B-00C04F79EFBC}") = "Assembly-CSharp-firstpass", "Assembly-CSharp-firstpass.csproj", "{F273245D-2C45-87D8-9B14-184C5E3A0AB6}"
EndProject
Project("{FAE04EC0-301F-11D3-BF4B-00C04F79EFBC}") = "Assembly-CSharp-Editor", "Assembly-CSharp-Editor.csproj", "{526C96E0-D6B8-DC64-8A03-0D9B38F772E2}"
EndProject
Global
	GlobalSection(SolutionConfigurationPlatforms) = preSolution
		Debug|Any CPU = Debug|Any CPU
		Release|Any CPU = Release|Any CPU
	EndGlobalSection
	GlobalSection(ProjectConfigurationPlatforms) = postSolution
		{B6DFFD17-4B09-7E25-13FA-CA460279DAE2}.Debug|Any CPU.ActiveCfg = Debug|Any CPU
		{B6DFFD17-4B09-7E25-13FA-CA460279DAE2}.Debug|Any CPU.Build.0 = Debug|Any CPU
		{B6DFFD17-4B09-7E25-13FA-CA460279DAE2}.Release|Any CPU.ActiveCfg = Release|Any CPU
		{B6DFFD17-4B09-7E25-13FA-CA460279DAE2}.Release|Any CPU.Build.0 = Release|Any CPU
		{F273245D-2C45-87D8-9B14-184C5E3A0AB6}.Debug|Any CPU.ActiveCfg = Debug|Any CPU
		{F273245D-2C45-87D8-9B14-184C5E3A0AB6}.Debug|Any CPU.Build.0 = Debug|Any CPU
		{F273245D-2C45-87D8-9B14-184C5E3A0AB6}.Release|Any CPU.ActiveCfg = Release|Any CPU
		{F273245D-2C45-87D8-9B14-184C5E3A0AB6}.Release|Any CPU.Build.0 = Release|Any CPU
		{526C96E0-D6B8-DC64-8A03-0D9B38F772E2}.Debug|Any CPU.ActiveCfg = Debug|Any CPU
		{526C96E0-D6B8-DC64-8A03-0D9B38F772E2}.Debug|Any CPU.Build.0 = Debug|Any CPU
		{526C96E0-D6B8-DC64-8A03-0D9B38F772E2}.Release|Any CPU.ActiveCfg = Release|Any CPU
		{526C96E0-D6B8-DC64-8A03-0D9B38F772E2}.Release|Any CPU.Build.0 = Release|Any CPU
	EndGlobalSection
	GlobalSection(SolutionProperties) = preSolution
		HideSolutionNode = FALSE
	EndGlobalSection
EndGlobal
