
Microsoft Visual Studio Solution File, Format Version 12.00
# Visual Studio 15
Project("{FAE04EC0-301F-11D3-BF4B-00C04F79EFBC}") = "Vuforia 7 + Unity 2017.3", "Vuforia 7 + Unity 2017.3.csproj", "{70A8B37C-7811-1F6F-1089-C23AEDD38550}"
EndProject
Project("{FAE04EC0-301F-11D3-BF4B-00C04F79EFBC}") = "Vuforia 7 + Unity 2017.3.Editor", "Vuforia 7 + Unity 2017.3.Editor.csproj", "{8E89AC8E-88C9-A8A7-8D71-A6DB6A43A8EB}"
EndProject
Global
	GlobalSection(SolutionConfigurationPlatforms) = preSolution
		Debug|Any CPU = Debug|Any CPU
		Release|Any CPU = Release|Any CPU
	EndGlobalSection
	GlobalSection(ProjectConfigurationPlatforms) = postSolution
		{70A8B37C-7811-1F6F-1089-C23AEDD38550}.Debug|Any CPU.ActiveCfg = Debug|Any CPU
		{70A8B37C-7811-1F6F-1089-C23AEDD38550}.Debug|Any CPU.Build.0 = Debug|Any CPU
		{70A8B37C-7811-1F6F-1089-C23AEDD38550}.Release|Any CPU.ActiveCfg = Release|Any CPU
		{70A8B37C-7811-1F6F-1089-C23AEDD38550}.Release|Any CPU.Build.0 = Release|Any CPU
		{8E89AC8E-88C9-A8A7-8D71-A6DB6A43A8EB}.Debug|Any CPU.ActiveCfg = Debug|Any CPU
		{8E89AC8E-88C9-A8A7-8D71-A6DB6A43A8EB}.Debug|Any CPU.Build.0 = Debug|Any CPU
		{8E89AC8E-88C9-A8A7-8D71-A6DB6A43A8EB}.Release|Any CPU.ActiveCfg = Release|Any CPU
		{8E89AC8E-88C9-A8A7-8D71-A6DB6A43A8EB}.Release|Any CPU.Build.0 = Release|Any CPU
	EndGlobalSection
	GlobalSection(SolutionProperties) = preSolution
		HideSolutionNode = FALSE
	EndGlobalSection
EndGlobal
