
Microsoft Visual Studio Solution File, Format Version 12.00
# Visual Studio 15
Project("{FAE04EC0-301F-11D3-BF4B-00C04F79EFBC}") = "Assembly-CSharp", "Assembly-CSharp.csproj", "{3EDFF55B-C559-8550-CA72-FCB5651B33EE}"
EndProject
Project("{FAE04EC0-301F-11D3-BF4B-00C04F79EFBC}") = "Assembly-CSharp-firstpass", "Assembly-CSharp-firstpass.csproj", "{80B15AB7-2ED0-DDE1-717A-95C28F50200D}"
EndProject
Project("{FAE04EC0-301F-11D3-BF4B-00C04F79EFBC}") = "Assembly-CSharp-Editor-firstpass", "Assembly-CSharp-Editor-firstpass.csproj", "{4C26A21B-468D-0EAD-E510-1D8E96B6E9E6}"
EndProject
Project("{FAE04EC0-301F-11D3-BF4B-00C04F79EFBC}") = "Assembly-CSharp-Editor", "Assembly-CSharp-Editor.csproj", "{AED836FF-B5F4-13FF-39C0-B761BE9BD369}"
EndProject
Global
	GlobalSection(SolutionConfigurationPlatforms) = preSolution
		Debug|Any CPU = Debug|Any CPU
		Release|Any CPU = Release|Any CPU
	EndGlobalSection
	GlobalSection(ProjectConfigurationPlatforms) = postSolution
		{3EDFF55B-C559-8550-CA72-FCB5651B33EE}.Debug|Any CPU.ActiveCfg = Debug|Any CPU
		{3EDFF55B-C559-8550-CA72-FCB5651B33EE}.Debug|Any CPU.Build.0 = Debug|Any CPU
		{3EDFF55B-C559-8550-CA72-FCB5651B33EE}.Release|Any CPU.ActiveCfg = Release|Any CPU
		{3EDFF55B-C559-8550-CA72-FCB5651B33EE}.Release|Any CPU.Build.0 = Release|Any CPU
		{80B15AB7-2ED0-DDE1-717A-95C28F50200D}.Debug|Any CPU.ActiveCfg = Debug|Any CPU
		{80B15AB7-2ED0-DDE1-717A-95C28F50200D}.Debug|Any CPU.Build.0 = Debug|Any CPU
		{80B15AB7-2ED0-DDE1-717A-95C28F50200D}.Release|Any CPU.ActiveCfg = Release|Any CPU
		{80B15AB7-2ED0-DDE1-717A-95C28F50200D}.Release|Any CPU.Build.0 = Release|Any CPU
		{4C26A21B-468D-0EAD-E510-1D8E96B6E9E6}.Debug|Any CPU.ActiveCfg = Debug|Any CPU
		{4C26A21B-468D-0EAD-E510-1D8E96B6E9E6}.Debug|Any CPU.Build.0 = Debug|Any CPU
		{4C26A21B-468D-0EAD-E510-1D8E96B6E9E6}.Release|Any CPU.ActiveCfg = Release|Any CPU
		{4C26A21B-468D-0EAD-E510-1D8E96B6E9E6}.Release|Any CPU.Build.0 = Release|Any CPU
		{AED836FF-B5F4-13FF-39C0-B761BE9BD369}.Debug|Any CPU.ActiveCfg = Debug|Any CPU
		{AED836FF-B5F4-13FF-39C0-B761BE9BD369}.Debug|Any CPU.Build.0 = Debug|Any CPU
		{AED836FF-B5F4-13FF-39C0-B761BE9BD369}.Release|Any CPU.ActiveCfg = Release|Any CPU
		{AED836FF-B5F4-13FF-39C0-B761BE9BD369}.Release|Any CPU.Build.0 = Release|Any CPU
	EndGlobalSection
	GlobalSection(SolutionProperties) = preSolution
		HideSolutionNode = FALSE
	EndGlobalSection
EndGlobal
